
Microsoft Visual Studio Solution File, Format Version 12.00
# Visual Studio 15
VisualStudioVersion = 15.0.27130.2026
MinimumVisualStudioVersion = 10.0.40219.1
Project("{FAE04EC0-301F-11D3-BF4B-00C04F79EFBC}") = "VSTSGroupIdentifier", "VSTSGroupIdentifier\VSTSGroupIdentifier.csproj", "{312B644C-3B11-4811-A39F-7B4F188FE5B1}"
EndProject
Global
	GlobalSection(SolutionConfigurationPlatforms) = preSolution
		Debug|Any CPU = Debug|Any CPU
		Release|Any CPU = Release|Any CPU
	EndGlobalSection
	GlobalSection(ProjectConfigurationPlatforms) = postSolution
		{312B644C-3B11-4811-A39F-7B4F188FE5B1}.Debug|Any CPU.ActiveCfg = Debug|Any CPU
		{312B644C-3B11-4811-A39F-7B4F188FE5B1}.Debug|Any CPU.Build.0 = Debug|Any CPU
		{312B644C-3B11-4811-A39F-7B4F188FE5B1}.Release|Any CPU.ActiveCfg = Release|Any CPU
		{312B644C-3B11-4811-A39F-7B4F188FE5B1}.Release|Any CPU.Build.0 = Release|Any CPU
	EndGlobalSection
	GlobalSection(SolutionProperties) = preSolution
		HideSolutionNode = FALSE
	EndGlobalSection
	GlobalSection(ExtensibilityGlobals) = postSolution
		SolutionGuid = {6E1D013E-94A8-4110-A237-F2C98A0FC849}
	EndGlobalSection
EndGlobal
